
Microsoft Visual Studio Solution File, Format Version 12.00
# Visual Studio 15
VisualStudioVersion = 15.0.27004.2008
MinimumVisualStudioVersion = 10.0.40219.1
Project("{D954291E-2A0B-460D-934E-DC6B0785DB48}") = "TestApplication", "TestApplication\TestApplication\TestApplication.shproj", "{ED82636C-98BA-423B-9793-10AE7CDEF746}"
EndProject
Project("{FAE04EC0-301F-11D3-BF4B-00C04F79EFBC}") = "TestApplication.Android", "TestApplication\TestApplication.Android\TestApplication.Android.csproj", "{D6296402-CF1B-4E4B-A18F-FE84D0E00E8F}"
EndProject
Project("{FAE04EC0-301F-11D3-BF4B-00C04F79EFBC}") = "TestApplication.iOS", "TestApplication\TestApplication.iOS\TestApplication.iOS.csproj", "{38F21134-C24B-4030-BBA0-F13C3522E83A}"
EndProject
Project("{FAE04EC0-301F-11D3-BF4B-00C04F79EFBC}") = "TestApplication.UWP", "TestApplication\TestApplication.UWP\TestApplication.UWP.csproj", "{FDDAC7AC-C708-46FC-859D-43A422134995}"
EndProject
Global
	GlobalSection(SharedMSBuildProjectFiles) = preSolution
		TestApplication\TestApplication\TestApplication.projitems*{38f21134-c24b-4030-bba0-f13c3522e83a}*SharedItemsImports = 4
		TestApplication\TestApplication\TestApplication.projitems*{d6296402-cf1b-4e4b-a18f-fe84d0e00e8f}*SharedItemsImports = 4
		TestApplication\TestApplication\TestApplication.projitems*{ed82636c-98ba-423b-9793-10ae7cdef746}*SharedItemsImports = 13
	EndGlobalSection
	GlobalSection(SolutionConfigurationPlatforms) = preSolution
		Ad-Hoc|Any CPU = Ad-Hoc|Any CPU
		Ad-Hoc|ARM = Ad-Hoc|ARM
		Ad-Hoc|iPhone = Ad-Hoc|iPhone
		Ad-Hoc|iPhoneSimulator = Ad-Hoc|iPhoneSimulator
		Ad-Hoc|x64 = Ad-Hoc|x64
		Ad-Hoc|x86 = Ad-Hoc|x86
		AppStore|Any CPU = AppStore|Any CPU
		AppStore|ARM = AppStore|ARM
		AppStore|iPhone = AppStore|iPhone
		AppStore|iPhoneSimulator = AppStore|iPhoneSimulator
		AppStore|x64 = AppStore|x64
		AppStore|x86 = AppStore|x86
		Debug|Any CPU = Debug|Any CPU
		Debug|ARM = Debug|ARM
		Debug|iPhone = Debug|iPhone
		Debug|iPhoneSimulator = Debug|iPhoneSimulator
		Debug|x64 = Debug|x64
		Debug|x86 = Debug|x86
		Release|Any CPU = Release|Any CPU
		Release|ARM = Release|ARM
		Release|iPhone = Release|iPhone
		Release|iPhoneSimulator = Release|iPhoneSimulator
		Release|x64 = Release|x64
		Release|x86 = Release|x86
	EndGlobalSection
	GlobalSection(ProjectConfigurationPlatforms) = postSolution
		{D6296402-CF1B-4E4B-A18F-FE84D0E00E8F}.Ad-Hoc|Any CPU.ActiveCfg = Release|Any CPU
		{D6296402-CF1B-4E4B-A18F-FE84D0E00E8F}.Ad-Hoc|Any CPU.Build.0 = Release|Any CPU
		{D6296402-CF1B-4E4B-A18F-FE84D0E00E8F}.Ad-Hoc|Any CPU.Deploy.0 = Release|Any CPU
		{D6296402-CF1B-4E4B-A18F-FE84D0E00E8F}.Ad-Hoc|ARM.ActiveCfg = Release|Any CPU
		{D6296402-CF1B-4E4B-A18F-FE84D0E00E8F}.Ad-Hoc|ARM.Build.0 = Release|Any CPU
		{D6296402-CF1B-4E4B-A18F-FE84D0E00E8F}.Ad-Hoc|ARM.Deploy.0 = Release|Any CPU
		{D6296402-CF1B-4E4B-A18F-FE84D0E00E8F}.Ad-Hoc|iPhone.ActiveCfg = Release|Any CPU
		{D6296402-CF1B-4E4B-A18F-FE84D0E00E8F}.Ad-Hoc|iPhone.Build.0 = Release|Any CPU
		{D6296402-CF1B-4E4B-A18F-FE84D0E00E8F}.Ad-Hoc|iPhone.Deploy.0 = Release|Any CPU
		{D6296402-CF1B-4E4B-A18F-FE84D0E00E8F}.Ad-Hoc|iPhoneSimulator.ActiveCfg = Release|Any CPU
		{D6296402-CF1B-4E4B-A18F-FE84D0E00E8F}.Ad-Hoc|iPhoneSimulator.Build.0 = Release|Any CPU
		{D6296402-CF1B-4E4B-A18F-FE84D0E00E8F}.Ad-Hoc|iPhoneSimulator.Deploy.0 = Release|Any CPU
		{D6296402-CF1B-4E4B-A18F-FE84D0E00E8F}.Ad-Hoc|x64.ActiveCfg = Release|Any CPU
		{D6296402-CF1B-4E4B-A18F-FE84D0E00E8F}.Ad-Hoc|x64.Build.0 = Release|Any CPU
		{D6296402-CF1B-4E4B-A18F-FE84D0E00E8F}.Ad-Hoc|x64.Deploy.0 = Release|Any CPU
		{D6296402-CF1B-4E4B-A18F-FE84D0E00E8F}.Ad-Hoc|x86.ActiveCfg = Release|Any CPU
		{D6296402-CF1B-4E4B-A18F-FE84D0E00E8F}.Ad-Hoc|x86.Build.0 = Release|Any CPU
		{D6296402-CF1B-4E4B-A18F-FE84D0E00E8F}.Ad-Hoc|x86.Deploy.0 = Release|Any CPU
		{D6296402-CF1B-4E4B-A18F-FE84D0E00E8F}.AppStore|Any CPU.ActiveCfg = Release|Any CPU
		{D6296402-CF1B-4E4B-A18F-FE84D0E00E8F}.AppStore|Any CPU.Build.0 = Release|Any CPU
		{D6296402-CF1B-4E4B-A18F-FE84D0E00E8F}.AppStore|Any CPU.Deploy.0 = Release|Any CPU
		{D6296402-CF1B-4E4B-A18F-FE84D0E00E8F}.AppStore|ARM.ActiveCfg = Release|Any CPU
		{D6296402-CF1B-4E4B-A18F-FE84D0E00E8F}.AppStore|ARM.Build.0 = Release|Any CPU
		{D6296402-CF1B-4E4B-A18F-FE84D0E00E8F}.AppStore|ARM.Deploy.0 = Release|Any CPU
		{D6296402-CF1B-4E4B-A18F-FE84D0E00E8F}.AppStore|iPhone.ActiveCfg = Release|Any CPU
		{D6296402-CF1B-4E4B-A18F-FE84D0E00E8F}.AppStore|iPhone.Build.0 = Release|Any CPU
		{D6296402-CF1B-4E4B-A18F-FE84D0E00E8F}.AppStore|iPhone.Deploy.0 = Release|Any CPU
		{D6296402-CF1B-4E4B-A18F-FE84D0E00E8F}.AppStore|iPhoneSimulator.ActiveCfg = Release|Any CPU
		{D6296402-CF1B-4E4B-A18F-FE84D0E00E8F}.AppStore|iPhoneSimulator.Build.0 = Release|Any CPU
		{D6296402-CF1B-4E4B-A18F-FE84D0E00E8F}.AppStore|iPhoneSimulator.Deploy.0 = Release|Any CPU
		{D6296402-CF1B-4E4B-A18F-FE84D0E00E8F}.AppStore|x64.ActiveCfg = Release|Any CPU
		{D6296402-CF1B-4E4B-A18F-FE84D0E00E8F}.AppStore|x64.Build.0 = Release|Any CPU
		{D6296402-CF1B-4E4B-A18F-FE84D0E00E8F}.AppStore|x64.Deploy.0 = Release|Any CPU
		{D6296402-CF1B-4E4B-A18F-FE84D0E00E8F}.AppStore|x86.ActiveCfg = Release|Any CPU
		{D6296402-CF1B-4E4B-A18F-FE84D0E00E8F}.AppStore|x86.Build.0 = Release|Any CPU
		{D6296402-CF1B-4E4B-A18F-FE84D0E00E8F}.AppStore|x86.Deploy.0 = Release|Any CPU
		{D6296402-CF1B-4E4B-A18F-FE84D0E00E8F}.Debug|Any CPU.ActiveCfg = Debug|Any CPU
		{D6296402-CF1B-4E4B-A18F-FE84D0E00E8F}.Debug|Any CPU.Build.0 = Debug|Any CPU
		{D6296402-CF1B-4E4B-A18F-FE84D0E00E8F}.Debug|Any CPU.Deploy.0 = Debug|Any CPU
		{D6296402-CF1B-4E4B-A18F-FE84D0E00E8F}.Debug|ARM.ActiveCfg = Debug|Any CPU
		{D6296402-CF1B-4E4B-A18F-FE84D0E00E8F}.Debug|ARM.Build.0 = Debug|Any CPU
		{D6296402-CF1B-4E4B-A18F-FE84D0E00E8F}.Debug|ARM.Deploy.0 = Debug|Any CPU
		{D6296402-CF1B-4E4B-A18F-FE84D0E00E8F}.Debug|iPhone.ActiveCfg = Debug|Any CPU
		{D6296402-CF1B-4E4B-A18F-FE84D0E00E8F}.Debug|iPhone.Build.0 = Debug|Any CPU
		{D6296402-CF1B-4E4B-A18F-FE84D0E00E8F}.Debug|iPhone.Deploy.0 = Debug|Any CPU
		{D6296402-CF1B-4E4B-A18F-FE84D0E00E8F}.Debug|iPhoneSimulator.ActiveCfg = Debug|Any CPU
		{D6296402-CF1B-4E4B-A18F-FE84D0E00E8F}.Debug|iPhoneSimulator.Build.0 = Debug|Any CPU
		{D6296402-CF1B-4E4B-A18F-FE84D0E00E8F}.Debug|iPhoneSimulator.Deploy.0 = Debug|Any CPU
		{D6296402-CF1B-4E4B-A18F-FE84D0E00E8F}.Debug|x64.ActiveCfg = Debug|Any CPU
		{D6296402-CF1B-4E4B-A18F-FE84D0E00E8F}.Debug|x64.Build.0 = Debug|Any CPU
		{D6296402-CF1B-4E4B-A18F-FE84D0E00E8F}.Debug|x64.Deploy.0 = Debug|Any CPU
		{D6296402-CF1B-4E4B-A18F-FE84D0E00E8F}.Debug|x86.ActiveCfg = Debug|Any CPU
		{D6296402-CF1B-4E4B-A18F-FE84D0E00E8F}.Debug|x86.Build.0 = Debug|Any CPU
		{D6296402-CF1B-4E4B-A18F-FE84D0E00E8F}.Debug|x86.Deploy.0 = Debug|Any CPU
		{D6296402-CF1B-4E4B-A18F-FE84D0E00E8F}.Release|Any CPU.ActiveCfg = Release|Any CPU
		{D6296402-CF1B-4E4B-A18F-FE84D0E00E8F}.Release|Any CPU.Build.0 = Release|Any CPU
		{D6296402-CF1B-4E4B-A18F-FE84D0E00E8F}.Release|Any CPU.Deploy.0 = Release|Any CPU
		{D6296402-CF1B-4E4B-A18F-FE84D0E00E8F}.Release|ARM.ActiveCfg = Release|Any CPU
		{D6296402-CF1B-4E4B-A18F-FE84D0E00E8F}.Release|ARM.Build.0 = Release|Any CPU
		{D6296402-CF1B-4E4B-A18F-FE84D0E00E8F}.Release|ARM.Deploy.0 = Release|Any CPU
		{D6296402-CF1B-4E4B-A18F-FE84D0E00E8F}.Release|iPhone.ActiveCfg = Release|Any CPU
		{D6296402-CF1B-4E4B-A18F-FE84D0E00E8F}.Release|iPhone.Build.0 = Release|Any CPU
		{D6296402-CF1B-4E4B-A18F-FE84D0E00E8F}.Release|iPhone.Deploy.0 = Release|Any CPU
		{D6296402-CF1B-4E4B-A18F-FE84D0E00E8F}.Release|iPhoneSimulator.ActiveCfg = Release|Any CPU
		{D6296402-CF1B-4E4B-A18F-FE84D0E00E8F}.Release|iPhoneSimulator.Build.0 = Release|Any CPU
		{D6296402-CF1B-4E4B-A18F-FE84D0E00E8F}.Release|iPhoneSimulator.Deploy.0 = Release|Any CPU
		{D6296402-CF1B-4E4B-A18F-FE84D0E00E8F}.Release|x64.ActiveCfg = Release|Any CPU
		{D6296402-CF1B-4E4B-A18F-FE84D0E00E8F}.Release|x64.Build.0 = Release|Any CPU
		{D6296402-CF1B-4E4B-A18F-FE84D0E00E8F}.Release|x64.Deploy.0 = Release|Any CPU
		{D6296402-CF1B-4E4B-A18F-FE84D0E00E8F}.Release|x86.ActiveCfg = Release|Any CPU
		{D6296402-CF1B-4E4B-A18F-FE84D0E00E8F}.Release|x86.Build.0 = Release|Any CPU
		{D6296402-CF1B-4E4B-A18F-FE84D0E00E8F}.Release|x86.Deploy.0 = Release|Any CPU
		{38F21134-C24B-4030-BBA0-F13C3522E83A}.Ad-Hoc|Any CPU.ActiveCfg = Ad-Hoc|iPhoneSimulator
		{38F21134-C24B-4030-BBA0-F13C3522E83A}.Ad-Hoc|ARM.ActiveCfg = Ad-Hoc|iPhone
		{38F21134-C24B-4030-BBA0-F13C3522E83A}.Ad-Hoc|iPhone.ActiveCfg = Ad-Hoc|iPhone
		{38F21134-C24B-4030-BBA0-F13C3522E83A}.Ad-Hoc|iPhone.Build.0 = Ad-Hoc|iPhone
		{38F21134-C24B-4030-BBA0-F13C3522E83A}.Ad-Hoc|iPhoneSimulator.ActiveCfg = Ad-Hoc|iPhoneSimulator
		{38F21134-C24B-4030-BBA0-F13C3522E83A}.Ad-Hoc|iPhoneSimulator.Build.0 = Ad-Hoc|iPhoneSimulator
		{38F21134-C24B-4030-BBA0-F13C3522E83A}.Ad-Hoc|x64.ActiveCfg = Ad-Hoc|iPhone
		{38F21134-C24B-4030-BBA0-F13C3522E83A}.Ad-Hoc|x86.ActiveCfg = Ad-Hoc|iPhone
		{38F21134-C24B-4030-BBA0-F13C3522E83A}.AppStore|Any CPU.ActiveCfg = AppStore|iPhoneSimulator
		{38F21134-C24B-4030-BBA0-F13C3522E83A}.AppStore|ARM.ActiveCfg = AppStore|iPhone
		{38F21134-C24B-4030-BBA0-F13C3522E83A}.AppStore|iPhone.ActiveCfg = AppStore|iPhone
		{38F21134-C24B-4030-BBA0-F13C3522E83A}.AppStore|iPhone.Build.0 = AppStore|iPhone
		{38F21134-C24B-4030-BBA0-F13C3522E83A}.AppStore|iPhoneSimulator.ActiveCfg = AppStore|iPhoneSimulator
		{38F21134-C24B-4030-BBA0-F13C3522E83A}.AppStore|iPhoneSimulator.Build.0 = AppStore|iPhoneSimulator
		{38F21134-C24B-4030-BBA0-F13C3522E83A}.AppStore|x64.ActiveCfg = AppStore|iPhone
		{38F21134-C24B-4030-BBA0-F13C3522E83A}.AppStore|x86.ActiveCfg = AppStore|iPhone
		{38F21134-C24B-4030-BBA0-F13C3522E83A}.Debug|Any CPU.ActiveCfg = Debug|iPhoneSimulator
		{38F21134-C24B-4030-BBA0-F13C3522E83A}.Debug|ARM.ActiveCfg = Debug|iPhone
		{38F21134-C24B-4030-BBA0-F13C3522E83A}.Debug|iPhone.ActiveCfg = Debug|iPhone
		{38F21134-C24B-4030-BBA0-F13C3522E83A}.Debug|iPhone.Build.0 = Debug|iPhone
		{38F21134-C24B-4030-BBA0-F13C3522E83A}.Debug|iPhoneSimulator.ActiveCfg = Debug|iPhoneSimulator
		{38F21134-C24B-4030-BBA0-F13C3522E83A}.Debug|iPhoneSimulator.Build.0 = Debug|iPhoneSimulator
		{38F21134-C24B-4030-BBA0-F13C3522E83A}.Debug|x64.ActiveCfg = Debug|iPhone
		{38F21134-C24B-4030-BBA0-F13C3522E83A}.Debug|x86.ActiveCfg = Debug|iPhone
		{38F21134-C24B-4030-BBA0-F13C3522E83A}.Release|Any CPU.ActiveCfg = Release|iPhoneSimulator
		{38F21134-C24B-4030-BBA0-F13C3522E83A}.Release|ARM.ActiveCfg = Release|iPhone
		{38F21134-C24B-4030-BBA0-F13C3522E83A}.Release|iPhone.ActiveCfg = Release|iPhone
		{38F21134-C24B-4030-BBA0-F13C3522E83A}.Release|iPhone.Build.0 = Release|iPhone
		{38F21134-C24B-4030-BBA0-F13C3522E83A}.Release|iPhoneSimulator.ActiveCfg = Release|iPhoneSimulator
		{38F21134-C24B-4030-BBA0-F13C3522E83A}.Release|iPhoneSimulator.Build.0 = Release|iPhoneSimulator
		{38F21134-C24B-4030-BBA0-F13C3522E83A}.Release|x64.ActiveCfg = Release|iPhone
		{38F21134-C24B-4030-BBA0-F13C3522E83A}.Release|x86.ActiveCfg = Release|iPhone
		{FDDAC7AC-C708-46FC-859D-43A422134995}.Ad-Hoc|Any CPU.ActiveCfg = Release|x86
		{FDDAC7AC-C708-46FC-859D-43A422134995}.Ad-Hoc|Any CPU.Build.0 = Release|x86
		{FDDAC7AC-C708-46FC-859D-43A422134995}.Ad-Hoc|Any CPU.Deploy.0 = Release|x86
		{FDDAC7AC-C708-46FC-859D-43A422134995}.Ad-Hoc|ARM.ActiveCfg = Release|ARM
		{FDDAC7AC-C708-46FC-859D-43A422134995}.Ad-Hoc|ARM.Build.0 = Release|ARM
		{FDDAC7AC-C708-46FC-859D-43A422134995}.Ad-Hoc|ARM.Deploy.0 = Release|ARM
		{FDDAC7AC-C708-46FC-859D-43A422134995}.Ad-Hoc|iPhone.ActiveCfg = Release|x86
		{FDDAC7AC-C708-46FC-859D-43A422134995}.Ad-Hoc|iPhone.Build.0 = Release|x86
		{FDDAC7AC-C708-46FC-859D-43A422134995}.Ad-Hoc|iPhone.Deploy.0 = Release|x86
		{FDDAC7AC-C708-46FC-859D-43A422134995}.Ad-Hoc|iPhoneSimulator.ActiveCfg = Release|x86
		{FDDAC7AC-C708-46FC-859D-43A422134995}.Ad-Hoc|iPhoneSimulator.Build.0 = Release|x86
		{FDDAC7AC-C708-46FC-859D-43A422134995}.Ad-Hoc|iPhoneSimulator.Deploy.0 = Release|x86
		{FDDAC7AC-C708-46FC-859D-43A422134995}.Ad-Hoc|x64.ActiveCfg = Release|x64
		{FDDAC7AC-C708-46FC-859D-43A422134995}.Ad-Hoc|x64.Build.0 = Release|x64
		{FDDAC7AC-C708-46FC-859D-43A422134995}.Ad-Hoc|x64.Deploy.0 = Release|x64
		{FDDAC7AC-C708-46FC-859D-43A422134995}.Ad-Hoc|x86.ActiveCfg = Release|x86
		{FDDAC7AC-C708-46FC-859D-43A422134995}.Ad-Hoc|x86.Build.0 = Release|x86
		{FDDAC7AC-C708-46FC-859D-43A422134995}.Ad-Hoc|x86.Deploy.0 = Release|x86
		{FDDAC7AC-C708-46FC-859D-43A422134995}.AppStore|Any CPU.ActiveCfg = Release|x86
		{FDDAC7AC-C708-46FC-859D-43A422134995}.AppStore|Any CPU.Build.0 = Release|x86
		{FDDAC7AC-C708-46FC-859D-43A422134995}.AppStore|Any CPU.Deploy.0 = Release|x86
		{FDDAC7AC-C708-46FC-859D-43A422134995}.AppStore|ARM.ActiveCfg = Release|ARM
		{FDDAC7AC-C708-46FC-859D-43A422134995}.AppStore|ARM.Build.0 = Release|ARM
		{FDDAC7AC-C708-46FC-859D-43A422134995}.AppStore|ARM.Deploy.0 = Release|ARM
		{FDDAC7AC-C708-46FC-859D-43A422134995}.AppStore|iPhone.ActiveCfg = Release|x86
		{FDDAC7AC-C708-46FC-859D-43A422134995}.AppStore|iPhone.Build.0 = Release|x86
		{FDDAC7AC-C708-46FC-859D-43A422134995}.AppStore|iPhone.Deploy.0 = Release|x86
		{FDDAC7AC-C708-46FC-859D-43A422134995}.AppStore|iPhoneSimulator.ActiveCfg = Release|x86
		{FDDAC7AC-C708-46FC-859D-43A422134995}.AppStore|iPhoneSimulator.Build.0 = Release|x86
		{FDDAC7AC-C708-46FC-859D-43A422134995}.AppStore|iPhoneSimulator.Deploy.0 = Release|x86
		{FDDAC7AC-C708-46FC-859D-43A422134995}.AppStore|x64.ActiveCfg = Release|x64
		{FDDAC7AC-C708-46FC-859D-43A422134995}.AppStore|x64.Build.0 = Release|x64
		{FDDAC7AC-C708-46FC-859D-43A422134995}.AppStore|x64.Deploy.0 = Release|x64
		{FDDAC7AC-C708-46FC-859D-43A422134995}.AppStore|x86.ActiveCfg = Release|x86
		{FDDAC7AC-C708-46FC-859D-43A422134995}.AppStore|x86.Build.0 = Release|x86
		{FDDAC7AC-C708-46FC-859D-43A422134995}.AppStore|x86.Deploy.0 = Release|x86
		{FDDAC7AC-C708-46FC-859D-43A422134995}.Debug|Any CPU.ActiveCfg = Debug|x86
		{FDDAC7AC-C708-46FC-859D-43A422134995}.Debug|ARM.ActiveCfg = Debug|ARM
		{FDDAC7AC-C708-46FC-859D-43A422134995}.Debug|ARM.Build.0 = Debug|ARM
		{FDDAC7AC-C708-46FC-859D-43A422134995}.Debug|ARM.Deploy.0 = Debug|ARM
		{FDDAC7AC-C708-46FC-859D-43A422134995}.Debug|iPhone.ActiveCfg = Debug|x86
		{FDDAC7AC-C708-46FC-859D-43A422134995}.Debug|iPhoneSimulator.ActiveCfg = Debug|x86
		{FDDAC7AC-C708-46FC-859D-43A422134995}.Debug|x64.ActiveCfg = Debug|x64
		{FDDAC7AC-C708-46FC-859D-43A422134995}.Debug|x64.Build.0 = Debug|x64
		{FDDAC7AC-C708-46FC-859D-43A422134995}.Debug|x64.Deploy.0 = Debug|x64
		{FDDAC7AC-C708-46FC-859D-43A422134995}.Debug|x86.ActiveCfg = Debug|x86
		{FDDAC7AC-C708-46FC-859D-43A422134995}.Debug|x86.Build.0 = Debug|x86
		{FDDAC7AC-C708-46FC-859D-43A422134995}.Debug|x86.Deploy.0 = Debug|x86
		{FDDAC7AC-C708-46FC-859D-43A422134995}.Release|Any CPU.ActiveCfg = Release|x86
		{FDDAC7AC-C708-46FC-859D-43A422134995}.Release|ARM.ActiveCfg = Release|ARM
		{FDDAC7AC-C708-46FC-859D-43A422134995}.Release|ARM.Build.0 = Release|ARM
		{FDDAC7AC-C708-46FC-859D-43A422134995}.Release|ARM.Deploy.0 = Release|ARM
		{FDDAC7AC-C708-46FC-859D-43A422134995}.Release|iPhone.ActiveCfg = Release|x86
		{FDDAC7AC-C708-46FC-859D-43A422134995}.Release|iPhoneSimulator.ActiveCfg = Release|x86
		{FDDAC7AC-C708-46FC-859D-43A422134995}.Release|x64.ActiveCfg = Release|x64
		{FDDAC7AC-C708-46FC-859D-43A422134995}.Release|x64.Build.0 = Release|x64
		{FDDAC7AC-C708-46FC-859D-43A422134995}.Release|x64.Deploy.0 = Release|x64
		{FDDAC7AC-C708-46FC-859D-43A422134995}.Release|x86.ActiveCfg = Release|x86
		{FDDAC7AC-C708-46FC-859D-43A422134995}.Release|x86.Build.0 = Release|x86
		{FDDAC7AC-C708-46FC-859D-43A422134995}.Release|x86.Deploy.0 = Release|x86
	EndGlobalSection
	GlobalSection(SolutionProperties) = preSolution
		HideSolutionNode = FALSE
	EndGlobalSection
	GlobalSection(ExtensibilityGlobals) = postSolution
		SolutionGuid = {CD245675-001B-41F2-B88F-8A4EF56AD051}
	EndGlobalSection
EndGlobal
